
Microsoft Visual Studio Solution File, Format Version 12.00
# Visual Studio 15
VisualStudioVersion = 15.0.28307.645
MinimumVisualStudioVersion = 10.0.40219.1
Project("{FAE04EC0-301F-11D3-BF4B-00C04F79EFBC}") = "FunctionsAuthSpike.Functions", "src\FunctionsAuthSpike.Functions\FunctionsAuthSpike.Functions.csproj", "{B00E5A0C-8836-4776-9789-0D809425DA97}"
EndProject
Global
	GlobalSection(SolutionConfigurationPlatforms) = preSolution
		Debug|Any CPU = Debug|Any CPU
		Release|Any CPU = Release|Any CPU
	EndGlobalSection
	GlobalSection(ProjectConfigurationPlatforms) = postSolution
		{B00E5A0C-8836-4776-9789-0D809425DA97}.Debug|Any CPU.ActiveCfg = Debug|Any CPU
		{B00E5A0C-8836-4776-9789-0D809425DA97}.Debug|Any CPU.Build.0 = Debug|Any CPU
		{B00E5A0C-8836-4776-9789-0D809425DA97}.Release|Any CPU.ActiveCfg = Release|Any CPU
		{B00E5A0C-8836-4776-9789-0D809425DA97}.Release|Any CPU.Build.0 = Release|Any CPU
	EndGlobalSection
	GlobalSection(SolutionProperties) = preSolution
		HideSolutionNode = FALSE
	EndGlobalSection
	GlobalSection(ExtensibilityGlobals) = postSolution
		SolutionGuid = {DC0AC425-B33D-4B87-AFFF-0664C3EDD564}
	EndGlobalSection
EndGlobal
